<?xml version="1.0" encoding="utf-8"?>
<Project ToolsVersion="4.0" xmlns="http://schemas.microsoft.com/developer/msbuild/2003">
  <ItemGroup>
    <Filter Include="Исходные файлы">
      <UniqueIdentifier>{4FC737F1-C7A5-4376-A066-2A32D752A2FF}</UniqueIdentifier>
      <Extensions>cpp;c;cc;cxx;def;odl;idl;hpj;bat;asm;asmx</Extensions>
    </Filter>
    <Filter Include="Файлы заголовков">
      <UniqueIdentifier>{93995380-89BD-4b04-88EB-625FBE52EBFB}</UniqueIdentifier>
      <Extensions>h;hh;hpp;hxx;hm;inl;inc;ipp;xsd</Extensions>
    </Filter>
    <Filter Include="Файлы ресурсов">
      <UniqueIdentifier>{67DA6AB6-F800-4c08-8B7A-83BB121AAD01}</UniqueIdentifier>
      <Extensions>rc;ico;cur;bmp;dlg;rc2;rct;bin;rgs;gif;jpg;jpeg;jpe;resx;tiff;tif;png;wav;mfcribbon-ms</Extensions>
    </Filter>
    <Filter Include="Исходные файлы\Render">
      <UniqueIdentifier>{c83f613b-55cd-46a4-b46b-aa9ebdd1690d}</UniqueIdentifier>
    </Filter>
    <Filter Include="Исходные файлы\Render\Models">
      <UniqueIdentifier>{1ad298ee-2269-47df-a27c-219dfda8c5d2}</UniqueIdentifier>
    </Filter>
    <Filter Include="Исходные файлы\Math">
      <UniqueIdentifier>{f321dfbf-7db7-412c-abfa-8ee8ee0ea4ca}</UniqueIdentifier>
    </Filter>
    <Filter Include="Исходные файлы\Render\Models\BasicModels">
      <UniqueIdentifier>{b0223534-ec2f-4369-a450-5a78d8e77cca}</UniqueIdentifier>
    </Filter>
    <Filter Include="Исходные файлы\Render\Models\Derives">
      <UniqueIdentifier>{9327a54e-79cd-40b5-bf0e-297430fdca04}</UniqueIdentifier>
    </Filter>
    <Filter Include="Исходные файлы\Game">
      <UniqueIdentifier>{a2752c92-adf7-4e6a-977e-e6b696249d1f}</UniqueIdentifier>
    </Filter>
    <Filter Include="Исходные файлы\Game\GameObjects">
      <UniqueIdentifier>{9767895c-3c83-48ce-a1d7-067558564ce5}</UniqueIdentifier>
    </Filter>
    <Filter Include="Исходные файлы\Game\GameObjects\BasicObjects">
      <UniqueIdentifier>{54f22acb-f5c2-446f-8cf2-7d1e1e04d4b7}</UniqueIdentifier>
    </Filter>
    <Filter Include="Исходные файлы\Game\GameWorld">
      <UniqueIdentifier>{49673037-b4cc-4695-8dc0-2a36b55643ea}</UniqueIdentifier>
    </Filter>
    <Filter Include="Исходные файлы\Render\Textures">
      <UniqueIdentifier>{ed3c1d5b-2133-4e61-b824-d5599ae611b6}</UniqueIdentifier>
    </Filter>
  </ItemGroup>
  <ItemGroup>
    <ClCompile Include="Source.cpp">
      <Filter>Исходные файлы</Filter>
    </ClCompile>
    <ClCompile Include="Renderer.cpp">
      <Filter>Исходные файлы\Render</Filter>
    </ClCompile>
    <ClCompile Include="ShaderLoader.cpp">
      <Filter>Исходные файлы\Render</Filter>
    </ClCompile>
    <ClCompile Include="Array.cpp">
      <Filter>Исходные файлы\Math</Filter>
    </ClCompile>
    <ClCompile Include="Camera.cpp">
      <Filter>Исходные файлы\Render</Filter>
    </ClCompile>
    <ClCompile Include="Triangle.cpp">
      <Filter>Исходные файлы\Render\Models\BasicModels</Filter>
    </ClCompile>
    <ClCompile Include="Model.cpp">
      <Filter>Исходные файлы\Render\Models\BasicModels</Filter>
    </ClCompile>
    <ClCompile Include="Quad.cpp">
      <Filter>Исходные файлы\Render\Models\BasicModels</Filter>
    </ClCompile>
    <ClCompile Include="ContentPipe.cpp">
      <Filter>Исходные файлы</Filter>
    </ClCompile>
    <ClCompile Include="DerivedList.cpp">
      <Filter>Исходные файлы\Render\Models\Derives</Filter>
    </ClCompile>
    <ClCompile Include="Block.cpp">
      <Filter>Исходные файлы\Game\GameObjects\BasicObjects</Filter>
    </ClCompile>
    <ClCompile Include="Chunk.cpp">
      <Filter>Исходные файлы\Game\GameWorld</Filter>
    </ClCompile>
    <ClCompile Include="Tool.cpp">
      <Filter>Исходные файлы\Game\GameObjects\BasicObjects</Filter>
    </ClCompile>
    <ClCompile Include="Oxel.cpp">
      <Filter>Исходные файлы\Game</Filter>
    </ClCompile>
    <ClCompile Include="TextureAtlas.cpp">
      <Filter>Исходные файлы\Render\Textures</Filter>
    </ClCompile>
    <ClCompile Include="WorldGenerator.cpp">
      <Filter>Исходные файлы\Game\GameWorld</Filter>
    </ClCompile>
  </ItemGroup>
  <ItemGroup>
    <None Include="Core.frag">
      <Filter>Файлы ресурсов</Filter>
    </None>
    <None Include="Core.vert">
      <Filter>Файлы ресурсов</Filter>
    </None>
  </ItemGroup>
</Project>